{
    "_readme": [
        "This file locks the dependencies of your project to a known state",
        "Read more about it at https://getcomposer.org/doc/01-basic-usage.md#composer-lock-the-lock-file",
        "This file is @generated automatically"
    ],
    "hash": "4b54e3b06daca6e17383d3854fb82081",
    "content-hash": "6e0153df50062cf4c9d5a7502f0d72ff",
    "packages": [
        {
            "name": "crazy-max/cws-dump",
            "version": "dev-master",
            "source": {
                "type": "git",
                "url": "https://github.com/crazy-max/CwsDump.git",
                "reference": "e8d259eaba9547d6b00ae9d3cf0e2ae3d5289229"
            },
            "dist": {
                "type": "zip",
                "url": "https://api.github.com/repos/crazy-max/CwsDump/zipball/e8d259eaba9547d6b00ae9d3cf0e2ae3d5289229",
                "reference": "e8d259eaba9547d6b00ae9d3cf0e2ae3d5289229",
                "shasum": ""
            },
            "require": {
                "php": ">=5.3.0"
            },
            "type": "library",
            "autoload": {
                "psr-0": {
                    "Cws": "lib/"
                },
                "files": [
                    "lib/Cws/CwsDumpHelper.php"
                ]
            },
            "notification-url": "https://packagist.org/downloads/",
            "license": [
                "LGPL"
            ],
            "authors": [
                {
                    "name": "crazy-max",
                    "homepage": "http://www.crazyws.fr/"
                }
            ],
            "description": "PHP class to replace var_dump(), print_r() based on the Xdebug style.",
            "homepage": "https://github.com/crazy-max/CwsDump",
            "keywords": [
                "Xdebug",
                "dump",
                "print_r",
                "var_dump"
            ],
            "time": "2016-08-22 19:58:23"
        }
    ],
    "packages-dev": [],
    "aliases": [],
    "minimum-stability": "dev",
    "stability-flags": [],
    "prefer-stable": false,
    "prefer-lowest": false,
    "platform": {
        "php": ">=5.3.0"
    },
    "platform-dev": []
}
